
Microsoft Visual Studio Solution File, Format Version 12.00
# Visual Studio 14
VisualStudioVersion = 14.0.25420.1
MinimumVisualStudioVersion = 10.0.40219.1
Project("{FAE04EC0-301F-11D3-BF4B-00C04F79EFBC}") = "SystemIO", "SystemIO\SystemIO.csproj", "{B0CDA2E3-0591-4BBD-A8EC-D49834D1012B}"
EndProject
Project("{FAE04EC0-301F-11D3-BF4B-00C04F79EFBC}") = "IO.Tests", "IO.Tests\IO.Tests.csproj", "{5538E7E9-F45F-41A8-8E2C-7D646CA503F8}"
EndProject
Global
	GlobalSection(SolutionConfigurationPlatforms) = preSolution
		Debug|Any CPU = Debug|Any CPU
		Release|Any CPU = Release|Any CPU
	EndGlobalSection
	GlobalSection(ProjectConfigurationPlatforms) = postSolution
		{B0CDA2E3-0591-4BBD-A8EC-D49834D1012B}.Debug|Any CPU.ActiveCfg = Debug|Any CPU
		{B0CDA2E3-0591-4BBD-A8EC-D49834D1012B}.Debug|Any CPU.Build.0 = Debug|Any CPU
		{B0CDA2E3-0591-4BBD-A8EC-D49834D1012B}.Release|Any CPU.ActiveCfg = Release|Any CPU
		{B0CDA2E3-0591-4BBD-A8EC-D49834D1012B}.Release|Any CPU.Build.0 = Release|Any CPU
		{5538E7E9-F45F-41A8-8E2C-7D646CA503F8}.Debug|Any CPU.ActiveCfg = Debug|Any CPU
		{5538E7E9-F45F-41A8-8E2C-7D646CA503F8}.Debug|Any CPU.Build.0 = Debug|Any CPU
		{5538E7E9-F45F-41A8-8E2C-7D646CA503F8}.Release|Any CPU.ActiveCfg = Release|Any CPU
		{5538E7E9-F45F-41A8-8E2C-7D646CA503F8}.Release|Any CPU.Build.0 = Release|Any CPU
	EndGlobalSection
	GlobalSection(SolutionProperties) = preSolution
		HideSolutionNode = FALSE
	EndGlobalSection
EndGlobal
